
Microsoft Visual Studio Solution File, Format Version 12.00
# Visual Studio Version 17
VisualStudioVersion = 17.4.33205.214
MinimumVisualStudioVersion = 10.0.40219.1
Project("{8BC9CEB8-8B4A-11D0-8D11-00A0C91BC942}") = "BOJ_26004", "BOJ_26004.vcxproj", "{EB6F79E3-0C55-4F8A-AC9A-701989CB117E}"
EndProject
Global
	GlobalSection(SolutionConfigurationPlatforms) = preSolution
		Debug|x64 = Debug|x64
		Release|x64 = Release|x64
	EndGlobalSection
	GlobalSection(ProjectConfigurationPlatforms) = postSolution
		{EB6F79E3-0C55-4F8A-AC9A-701989CB117E}.Debug|x64.ActiveCfg = Debug|x64
		{EB6F79E3-0C55-4F8A-AC9A-701989CB117E}.Debug|x64.Build.0 = Debug|x64
		{EB6F79E3-0C55-4F8A-AC9A-701989CB117E}.Release|x64.ActiveCfg = Release|x64
		{EB6F79E3-0C55-4F8A-AC9A-701989CB117E}.Release|x64.Build.0 = Release|x64
	EndGlobalSection
	GlobalSection(SolutionProperties) = preSolution
		HideSolutionNode = FALSE
	EndGlobalSection
	GlobalSection(ExtensibilityGlobals) = postSolution
		SolutionGuid = {E7F867A2-00EE-4371-AEA5-0F6D5FAA2B21}
	EndGlobalSection
EndGlobal
